
Microsoft Visual Studio Solution File, Format Version 12.00
# Visual Studio Version 17
VisualStudioVersion = 17.14.36414.22
MinimumVisualStudioVersion = 10.0.40219.1
Project("{FAE04EC0-301F-11D3-BF4B-00C04F79EFBC}") = "SoccerManager", "SoccerManager.csproj", "{8417C229-A2A8-4CF5-9F70-0430DF6B1FF6}"
EndProject
Project("{FAE04EC0-301F-11D3-BF4B-00C04F79EFBC}") = "tests", "..\tests\tests.csproj", "{EDF13914-BD34-417F-B42A-38284E5DACE4}"
EndProject
Global
	GlobalSection(SolutionConfigurationPlatforms) = preSolution
		Debug|Any CPU = Debug|Any CPU
		Release|Any CPU = Release|Any CPU
	EndGlobalSection
	GlobalSection(ProjectConfigurationPlatforms) = postSolution
		{8417C229-A2A8-4CF5-9F70-0430DF6B1FF6}.Debug|Any CPU.ActiveCfg = Debug|Any CPU
		{8417C229-A2A8-4CF5-9F70-0430DF6B1FF6}.Debug|Any CPU.Build.0 = Debug|Any CPU
		{8417C229-A2A8-4CF5-9F70-0430DF6B1FF6}.Release|Any CPU.ActiveCfg = Release|Any CPU
		{8417C229-A2A8-4CF5-9F70-0430DF6B1FF6}.Release|Any CPU.Build.0 = Release|Any CPU
		{EDF13914-BD34-417F-B42A-38284E5DACE4}.Debug|Any CPU.ActiveCfg = Debug|Any CPU
		{EDF13914-BD34-417F-B42A-38284E5DACE4}.Debug|Any CPU.Build.0 = Debug|Any CPU
		{EDF13914-BD34-417F-B42A-38284E5DACE4}.Release|Any CPU.ActiveCfg = Release|Any CPU
		{EDF13914-BD34-417F-B42A-38284E5DACE4}.Release|Any CPU.Build.0 = Release|Any CPU
	EndGlobalSection
	GlobalSection(SolutionProperties) = preSolution
		HideSolutionNode = FALSE
	EndGlobalSection
	GlobalSection(ExtensibilityGlobals) = postSolution
		SolutionGuid = {E34C8E5D-1649-4DA2-971B-C8AF96F8F556}
	EndGlobalSection
EndGlobal
